
Microsoft Visual Studio Solution File, Format Version 11.00
# Visual Studio 2010
Project("{FAE04EC0-301F-11D3-BF4B-00C04F79EFBC}") = "soen341", "Assembly-CSharp.csproj", "{CD652DE6-23DD-7EC0-0ED6-B9C060FD4B50}"
EndProject
<<<<<<< HEAD
Project("{FAE04EC0-301F-11D3-BF4B-00C04F79EFBC}") = "soen341.Editor", "soen341.Editor.csproj", "{3BDA38C3-055F-DE49-D474-E547E0831B6F}"
EndProject
Project("{FAE04EC0-301F-11D3-BF4B-00C04F79EFBC}") = "soen341Tests", "..\soen341Tests\soen341Tests.csproj", "{CDF17EB5-79B8-4925-854A-F9BBB131E89C}"
EndProject
=======
Project("{FAE04EC0-301F-11D3-BF4B-00C04F79EFBC}") = "soen341", "Assembly-CSharp-Editor.csproj", "{6BF7BE27-67AC-EF38-250A-2BB271A1DC3C}"
EndProject
>>>>>>> 84a952b22bba5c48daaccf5f9c0345926cdb76f6
Global
	GlobalSection(SolutionConfigurationPlatforms) = preSolution
		Debug|Any CPU = Debug|Any CPU
		Release|Any CPU = Release|Any CPU
	EndGlobalSection
	GlobalSection(ProjectConfigurationPlatforms) = postSolution
<<<<<<< HEAD
		{24FDE062-B387-0044-A8A0-FA3412C6D66E}.Debug|Any CPU.ActiveCfg = Debug|Any CPU
		{24FDE062-B387-0044-A8A0-FA3412C6D66E}.Debug|Any CPU.Build.0 = Debug|Any CPU
		{24FDE062-B387-0044-A8A0-FA3412C6D66E}.Release|Any CPU.ActiveCfg = Release|Any CPU
		{24FDE062-B387-0044-A8A0-FA3412C6D66E}.Release|Any CPU.Build.0 = Release|Any CPU
		{3BDA38C3-055F-DE49-D474-E547E0831B6F}.Debug|Any CPU.ActiveCfg = Debug|Any CPU
		{3BDA38C3-055F-DE49-D474-E547E0831B6F}.Debug|Any CPU.Build.0 = Debug|Any CPU
		{3BDA38C3-055F-DE49-D474-E547E0831B6F}.Release|Any CPU.ActiveCfg = Release|Any CPU
		{3BDA38C3-055F-DE49-D474-E547E0831B6F}.Release|Any CPU.Build.0 = Release|Any CPU
		{CDF17EB5-79B8-4925-854A-F9BBB131E89C}.Debug|Any CPU.ActiveCfg = Debug|Any CPU
		{CDF17EB5-79B8-4925-854A-F9BBB131E89C}.Debug|Any CPU.Build.0 = Debug|Any CPU
		{CDF17EB5-79B8-4925-854A-F9BBB131E89C}.Release|Any CPU.ActiveCfg = Release|Any CPU
		{CDF17EB5-79B8-4925-854A-F9BBB131E89C}.Release|Any CPU.Build.0 = Release|Any CPU
=======
		{CD652DE6-23DD-7EC0-0ED6-B9C060FD4B50}.Debug|Any CPU.ActiveCfg = Debug|Any CPU
		{CD652DE6-23DD-7EC0-0ED6-B9C060FD4B50}.Debug|Any CPU.Build.0 = Debug|Any CPU
		{CD652DE6-23DD-7EC0-0ED6-B9C060FD4B50}.Release|Any CPU.ActiveCfg = Release|Any CPU
		{CD652DE6-23DD-7EC0-0ED6-B9C060FD4B50}.Release|Any CPU.Build.0 = Release|Any CPU
		{6BF7BE27-67AC-EF38-250A-2BB271A1DC3C}.Debug|Any CPU.ActiveCfg = Debug|Any CPU
		{6BF7BE27-67AC-EF38-250A-2BB271A1DC3C}.Debug|Any CPU.Build.0 = Debug|Any CPU
		{6BF7BE27-67AC-EF38-250A-2BB271A1DC3C}.Release|Any CPU.ActiveCfg = Release|Any CPU
		{6BF7BE27-67AC-EF38-250A-2BB271A1DC3C}.Release|Any CPU.Build.0 = Release|Any CPU
>>>>>>> 84a952b22bba5c48daaccf5f9c0345926cdb76f6
	EndGlobalSection
	GlobalSection(SolutionProperties) = preSolution
		HideSolutionNode = FALSE
	EndGlobalSection
	GlobalSection(MonoDevelopProperties) = preSolution
		StartupItem = Assembly-CSharp.csproj
	EndGlobalSection
EndGlobal
